PODS:
  - flutter_blue_plus_darwin (0.0.2):
    - Flutter
    - FlutterMacOS
  - FlutterMacOS (1.0.0)
  - path_provider_foundation (0.0.1):
    - Flutter
    - FlutterMacOS

DEPENDENCIES:
  - flutter_blue_plus_darwin (from `Flutter/ephemeral/.symlinks/plugins/flutter_blue_plus_darwin/darwin`)
  - FlutterMacOS (from `Flutter/ephemeral`)
  - path_provider_foundation (from `Flutter/ephemeral/.symlinks/plugins/path_provider_foundation/darwin`)

EXTERNAL SOURCES:
  flutter_blue_plus_darwin:
    :path: Flutter/ephemeral/.symlinks/plugins/flutter_blue_plus_darwin/darwin
  FlutterMacOS:
    :path: Flutter/ephemeral
  path_provider_foundation:
    :path: Flutter/ephemeral/.symlinks/plugins/path_provider_foundation/darwin

SPEC CHECKSUMS:
  flutter_blue_plus_darwin: 20a08bfeaa0f7804d524858d3d8744bcc1b6dbc3
  FlutterMacOS: d0db08ddef1a9af05a5ec4b724367152bb0500b1
  path_provider_foundation: bb55f6dbba17d0dccd6737fe6f7f34fbd0376880

PODFILE CHECKSUM: b5ff078e9cf81bae88fdc8e0ce3668e57b68e9b6

COCOAPODS: 1.16.2
